<?xml version="1.0" encoding="utf-8"?>
<Project ToolsVersion="4.0" xmlns="http://schemas.microsoft.com/developer/msbuild/2003">
  <ItemGroup>
    <Filter Include="Source Files">
      <UniqueIdentifier>{4FC737F1-C7A5-4376-A066-2A32D752A2FF}</UniqueIdentifier>
      <Extensions>cpp;c;cc;cxx;def;odl;idl;hpj;bat;asm;asmx</Extensions>
    </Filter>
    <Filter Include="Header Files">
      <UniqueIdentifier>{93995380-89BD-4b04-88EB-625FBE52EBFB}</UniqueIdentifier>
      <Extensions>h;hh;hpp;hxx;hm;inl;inc;xsd</Extensions>
    </Filter>
    <Filter Include="Resource Files">
      <UniqueIdentifier>{67DA6AB6-F800-4c08-8B7A-83BB121AAD01}</UniqueIdentifier>
      <Extensions>rc;ico;cur;bmp;dlg;rc2;rct;bin;rgs;gif;jpg;jpeg;jpe;resx;tiff;tif;png;wav;mfcribbon-ms</Extensions>
    </Filter>
  </ItemGroup>
  <ItemGroup>
    <ClInclude Include="src\px\common\logger.hpp">
      <Filter>Header Files</Filter>
    </ClInclude>
    <ClInclude Include="src\px\rgl\gl_shader.hpp">
      <Filter>Header Files</Filter>
    </ClInclude>
    <ClInclude Include="src\px\rgl\gl_program.hpp">
      <Filter>Header Files</Filter>
    </ClInclude>
    <ClInclude Include="src\px\rgl\gl_vao.hpp">
      <Filter>Header Files</Filter>
    </ClInclude>
    <ClInclude Include="src\px\rgl\gl_texture.hpp">
      <Filter>Header Files</Filter>
    </ClInclude>
    <ClInclude Include="src\px\rgl\gl_framebuffer.hpp">
      <Filter>Header Files</Filter>
    </ClInclude>
    <ClInclude Include="src\px\rgl\gl_buffer.hpp">
      <Filter>Header Files</Filter>
    </ClInclude>
    <ClInclude Include="src\px\rgl\gl_pass.hpp">
      <Filter>Header Files</Filter>
    </ClInclude>
    <ClInclude Include="src\drm\draw\renderer.hpp">
      <Filter>Header Files</Filter>
    </ClInclude>
    <ClInclude Include="src\drm\draw\program.hpp">
      <Filter>Header Files</Filter>
    </ClInclude>
    <ClInclude Include="src\drm\draw\blur.hpp">
      <Filter>Header Files</Filter>
    </ClInclude>
    <ClInclude Include="src\px\common\color.hpp">
      <Filter>Header Files</Filter>
    </ClInclude>
    <ClInclude Include="src\px\common\coordinate.hpp">
      <Filter>Header Files</Filter>
    </ClInclude>
    <ClInclude Include="src\px\common\timer.hpp">
      <Filter>Header Files</Filter>
    </ClInclude>
    <ClInclude Include="src\px\common\fps_counter.hpp">
      <Filter>Header Files</Filter>
    </ClInclude>
    <ClInclude Include="src\px\common\matrix.hpp">
      <Filter>Header Files</Filter>
    </ClInclude>
    <ClInclude Include="src\px\common\point.hpp">
      <Filter>Header Files</Filter>
    </ClInclude>
    <ClInclude Include="src\px\common\pool.hpp">
      <Filter>Header Files</Filter>
    </ClInclude>
    <ClInclude Include="src\px\common\pool_chain.hpp">
      <Filter>Header Files</Filter>
    </ClInclude>
    <ClInclude Include="src\px\common\qtree.hpp">
      <Filter>Header Files</Filter>
    </ClInclude>
    <ClInclude Include="src\px\common\rectangle.hpp">
      <Filter>Header Files</Filter>
    </ClInclude>
    <ClInclude Include="src\px\common\string.hpp">
      <Filter>Header Files</Filter>
    </ClInclude>
    <ClInclude Include="src\px\common\string_ext.hpp">
      <Filter>Header Files</Filter>
    </ClInclude>
    <ClInclude Include="src\px\common\toggle.hpp">
      <Filter>Header Files</Filter>
    </ClInclude>
    <ClInclude Include="src\px\common\vector.hpp">
      <Filter>Header Files</Filter>
    </ClInclude>
    <ClInclude Include="src\px\common\assert.hpp">
      <Filter>Header Files</Filter>
    </ClInclude>
    <ClInclude Include="src\px\es\link.hpp">
      <Filter>Header Files</Filter>
    </ClInclude>
    <ClInclude Include="src\px\es\component.hpp">
      <Filter>Header Files</Filter>
    </ClInclude>
    <ClInclude Include="src\px\es\component_collection.hpp">
      <Filter>Header Files</Filter>
    </ClInclude>
    <ClInclude Include="src\px\common\intrusive_ptr.hpp">
      <Filter>Header Files</Filter>
    </ClInclude>
    <ClInclude Include="src\px\common\shared_ptr.hpp">
      <Filter>Header Files</Filter>
    </ClInclude>
    <ClInclude Include="src\px\common\bindings.hpp">
      <Filter>Header Files</Filter>
    </ClInclude>
    <ClInclude Include="src\drm\shell.hpp">
      <Filter>Header Files</Filter>
    </ClInclude>
    <ClInclude Include="src\drm\key.hpp">
      <Filter>Header Files</Filter>
    </ClInclude>
    <ClInclude Include="src\drm\perception.hpp">
      <Filter>Header Files</Filter>
    </ClInclude>
    <ClInclude Include="src\drm\es\sprite_system.hpp">
      <Filter>Header Files</Filter>
    </ClInclude>
    <ClInclude Include="src\drm\es\sprite_component.hpp">
      <Filter>Header Files</Filter>
    </ClInclude>
    <ClInclude Include="src\drm\es\transform_component.hpp">
      <Filter>Header Files</Filter>
    </ClInclude>
    <ClInclude Include="src\drm\es\transform_system.hpp">
      <Filter>Header Files</Filter>
    </ClInclude>
    <ClInclude Include="src\px\es\link_dispatcher.hpp">
      <Filter>Header Files</Filter>
    </ClInclude>
    <ClInclude Include="src\px\rgl\gl_assert.hpp">
      <Filter>Header Files</Filter>
    </ClInclude>
    <ClInclude Include="src\px\rgl\rgl.hpp">
      <Filter>Header Files</Filter>
    </ClInclude>
    <ClInclude Include="src\drm\key_translator.hpp">
      <Filter>Header Files</Filter>
    </ClInclude>
    <ClInclude Include="src\px\rl\bar.hpp">
      <Filter>Header Files</Filter>
    </ClInclude>
    <ClInclude Include="src\px\rl\buff.hpp">
      <Filter>Header Files</Filter>
    </ClInclude>
    <ClInclude Include="src\px\rl\enhancement.hpp">
      <Filter>Header Files</Filter>
    </ClInclude>
    <ClInclude Include="src\px\rl\enhancement_collection.hpp">
      <Filter>Header Files</Filter>
    </ClInclude>
    <ClInclude Include="src\px\rl\entity.hpp">
      <Filter>Header Files</Filter>
    </ClInclude>
    <ClInclude Include="src\px\rl\i_ability.hpp">
      <Filter>Header Files</Filter>
    </ClInclude>
    <ClInclude Include="src\px\rl\mass.hpp">
      <Filter>Header Files</Filter>
    </ClInclude>
    <ClInclude Include="src\px\rl\skill.hpp">
      <Filter>Header Files</Filter>
    </ClInclude>
    <ClInclude Include="src\px\rl\skill_base.hpp">
      <Filter>Header Files</Filter>
    </ClInclude>
    <ClInclude Include="src\px\rl\skill_book.hpp">
      <Filter>Header Files</Filter>
    </ClInclude>
    <ClInclude Include="src\px\rl\skill_set.hpp">
      <Filter>Header Files</Filter>
    </ClInclude>
    <ClInclude Include="src\px\rl\traverse.hpp">
      <Filter>Header Files</Filter>
    </ClInclude>
    <ClInclude Include="src\px\rl\traverse_options.hpp">
      <Filter>Header Files</Filter>
    </ClInclude>
    <ClInclude Include="src\px\fn\bsp.hpp">
      <Filter>Header Files</Filter>
    </ClInclude>
    <ClInclude Include="src\px\fn\perlin.hpp">
      <Filter>Header Files</Filter>
    </ClInclude>
    <ClInclude Include="src\drm\es\unit.hpp">
      <Filter>Header Files</Filter>
    </ClInclude>
    <ClInclude Include="src\px\es\transform.hpp">
      <Filter>Header Files</Filter>
    </ClInclude>
    <ClInclude Include="src\px\rglfw\glfw_instance.hpp">
      <Filter>Header Files</Filter>
    </ClInclude>
    <ClInclude Include="src\px\rglfw\glfw_time.hpp">
      <Filter>Header Files</Filter>
    </ClInclude>
    <ClInclude Include="src\px\rglfw\glfw_window.hpp">
      <Filter>Header Files</Filter>
    </ClInclude>
    <ClInclude Include="src\px\rglfw\rglfw.hpp">
      <Filter>Header Files</Filter>
    </ClInclude>
    <ClInclude Include="src\px\rglfw\glfw_callback.hpp">
      <Filter>Header Files</Filter>
    </ClInclude>
    <ClInclude Include="src\drm\vertex.hpp">
      <Filter>Header Files</Filter>
    </ClInclude>
    <ClInclude Include="src\drm\rl\map_chunk.hpp">
      <Filter>Header Files</Filter>
    </ClInclude>
    <ClInclude Include="src\drm\fn\generator.hpp">
      <Filter>Header Files</Filter>
    </ClInclude>
    <ClInclude Include="src\px\fn\room_aux.hpp">
      <Filter>Header Files</Filter>
    </ClInclude>
    <ClInclude Include="src\px\fn\random_aux.hpp">
      <Filter>Header Files</Filter>
    </ClInclude>
    <ClInclude Include="src\px\ui\canvas.hpp">
      <Filter>Header Files</Filter>
    </ClInclude>
    <ClInclude Include="src\px\ui\display.hpp">
      <Filter>Header Files</Filter>
    </ClInclude>
    <ClInclude Include="src\drm\draw\distance_font.hpp">
      <Filter>Header Files</Filter>
    </ClInclude>
    <ClInclude Include="src\px\rgl\gl_uniform.hpp">
      <Filter>Header Files</Filter>
    </ClInclude>
    <ClInclude Include="src\px\rft\ft_library.hpp">
      <Filter>Header Files</Filter>
    </ClInclude>
    <ClInclude Include="src\px\rft\ft_face.hpp">
      <Filter>Header Files</Filter>
    </ClInclude>
    <ClInclude Include="src\px\rft\ft_font.hpp">
      <Filter>Header Files</Filter>
    </ClInclude>
    <ClInclude Include="src\px\ui\panel.hpp">
      <Filter>Header Files</Filter>
    </ClInclude>
    <ClInclude Include="src\px\ui\alignment.hpp">
      <Filter>Header Files</Filter>
    </ClInclude>
    <ClInclude Include="src\px\ui\text_alignment.hpp">
      <Filter>Header Files</Filter>
    </ClInclude>
    <ClInclude Include="src\drm\rl\inventory.hpp">
      <Filter>Header Files</Filter>
    </ClInclude>
    <ClInclude Include="src\px\rl\lt\basic_inventory.hpp">
      <Filter>Header Files</Filter>
    </ClInclude>
    <ClInclude Include="src\drm\es\body_component.hpp">
      <Filter>Header Files</Filter>
    </ClInclude>
    <ClInclude Include="src\drm\rl\effect.hpp">
      <Filter>Header Files</Filter>
    </ClInclude>
    <ClInclude Include="src\px\rl\dlg\dialogue.hpp">
      <Filter>Header Files</Filter>
    </ClInclude>
    <ClInclude Include="src\px\rl\dlg\dialogue_evaluator.hpp">
      <Filter>Header Files</Filter>
    </ClInclude>
    <ClInclude Include="src\px\rl\dlg\dialogue_reply.hpp">
      <Filter>Header Files</Filter>
    </ClInclude>
    <ClInclude Include="src\px\rl\dlg\dialogue_state.hpp">
      <Filter>Header Files</Filter>
    </ClInclude>
    <ClInclude Include="src\drm\es\body_system.hpp">
      <Filter>Header Files</Filter>
    </ClInclude>
    <ClInclude Include="src\px\rl\soc\reputation_subject.hpp">
      <Filter>Header Files</Filter>
    </ClInclude>
    <ClInclude Include="src\drm\rl\damage_type.hpp">
      <Filter>Header Files</Filter>
    </ClInclude>
    <ClInclude Include="src\px\rl\resource.hpp">
      <Filter>Header Files</Filter>
    </ClInclude>
    <ClInclude Include="src\px\rl\st\astar.hpp">
      <Filter>Header Files</Filter>
    </ClInclude>
    <ClInclude Include="src\px\rl\st\shadowcasting.hpp">
      <Filter>Header Files</Filter>
    </ClInclude>
    <ClInclude Include="src\px\rl\st\map_stream.hpp">
      <Filter>Header Files</Filter>
    </ClInclude>
    <ClInclude Include="src\px\rl\st\tile.hpp">
      <Filter>Header Files</Filter>
    </ClInclude>
    <ClInclude Include="src\drm\rl\equipment_slot.hpp">
      <Filter>Header Files</Filter>
    </ClInclude>
    <ClInclude Include="src\px\rl\lt\stack.hpp">
      <Filter>Header Files</Filter>
    </ClInclude>
    <ClInclude Include="src\px\rl\lt\basic_item.hpp">
      <Filter>Header Files</Filter>
    </ClInclude>
    <ClInclude Include="src\drm\rl\body.hpp">
      <Filter>Header Files</Filter>
    </ClInclude>
    <ClInclude Include="src\drm\rl\actor.hpp">
      <Filter>Header Files</Filter>
    </ClInclude>
    <ClInclude Include="src\drm\es\container_component.hpp">
      <Filter>Header Files</Filter>
    </ClInclude>
    <ClInclude Include="src\drm\rl\container.hpp">
      <Filter>Header Files</Filter>
    </ClInclude>
    <ClInclude Include="src\drm\sprite.hpp">
      <Filter>Header Files</Filter>
    </ClInclude>
    <ClInclude Include="src\drm\rl\character.hpp">
      <Filter>Header Files</Filter>
    </ClInclude>
    <ClInclude Include="src\drm\es\container_system.hpp">
      <Filter>Header Files</Filter>
    </ClInclude>
    <ClInclude Include="src\px\es\basic_system.hpp">
      <Filter>Header Files</Filter>
    </ClInclude>
    <ClInclude Include="src\px\ui\board.hpp">
      <Filter>Header Files</Filter>
    </ClInclude>
    <ClInclude Include="src\px\common\colors.hpp">
      <Filter>Header Files</Filter>
    </ClInclude>
    <ClInclude Include="src\px\ui\text.hpp">
      <Filter>Header Files</Filter>
    </ClInclude>
    <ClInclude Include="src\drm\ui\inventory_list.hpp">
      <Filter>Header Files</Filter>
    </ClInclude>
    <ClInclude Include="src\px\ui\button.hpp">
      <Filter>Header Files</Filter>
    </ClInclude>
    <ClInclude Include="src\drm\environment.hpp">
      <Filter>Header Files</Filter>
    </ClInclude>
    <ClInclude Include="src\drm\ui\recipe_list.hpp">
      <Filter>Header Files</Filter>
    </ClInclude>
    <ClInclude Include="src\drm\rl\recipe.hpp">
      <Filter>Header Files</Filter>
    </ClInclude>
    <ClInclude Include="src\drm\es\useable.hpp">
      <Filter>Header Files</Filter>
    </ClInclude>
    <ClInclude Include="src\px\ui\toggle_panel.hpp">
      <Filter>Header Files</Filter>
    </ClInclude>
    <ClInclude Include="src\drm\factory.hpp">
      <Filter>Header Files</Filter>
    </ClInclude>
    <ClInclude Include="src\drm\unit_builder.hpp">
      <Filter>Header Files</Filter>
    </ClInclude>
  </ItemGroup>
  <ItemGroup>
    <ClCompile Include="src\drm\main.cpp">
      <Filter>Source Files</Filter>
    </ClCompile>
    <ClCompile Include="src\drm\main_extras.cpp">
      <Filter>Source Files</Filter>
    </ClCompile>
  </ItemGroup>
  <ItemGroup>
    <None Include="data\shaders\process.frag" />
    <None Include="data\shaders\process.vert" />
    <None Include="data\shaders\blur.vert" />
    <None Include="data\shaders\blur.frag" />
    <None Include="data\config.json" />
    <None Include="data\shaders\batch.frag" />
    <None Include="data\shaders\batch.vert" />
    <None Include="data\img\dirt32.json" />
    <None Include="data\img\gnome32.json" />
    <None Include="data\img\wall32.json" />
    <None Include="data\scripts\q.lua" />
    <None Include="data\img\taurus32.json" />
    <None Include="data\shaders\uisolid.frag" />
    <None Include="data\shaders\uisolid.vert" />
    <None Include="data\shaders\uitext.frag" />
    <None Include="data\shaders\uitext.vert" />
    <None Include="data\img\rabling_harvester.json" />
    <None Include="data\img\m_snake32.json" />
    <None Include="data\img\p_table.json" />
    <None Include="data\img\p_bookshelf.json" />
    <None Include="data\img\p_locker.json" />
  </ItemGroup>
  <ItemGroup>
    <Text Include="data\dlg\food.txt" />
  </ItemGroup>
</Project>